// !$*UTF8*$!
{
	archiveVersion = 1;
	classes = {
	};
	objectVersion = 48;
	objects = {

/* Begin PBXBuildFile section */
		CA8CAFA988455799D03B8B0A /* Pods_ePed.framework in Frameworks */ = {isa = PBXBuildFile; fileRef = 1A5B5F9B6397463F51AE7D86 /* Pods_ePed.framework */; };
		EA5F526420321B1F00B6FEF8 /* Localizable.strings in Resources */ = {isa = PBXBuildFile; fileRef = EA5F526620321B1F00B6FEF8 /* Localizable.strings */; };
		EA5F52692032228100B6FEF8 /* Helper.swift in Sources */ = {isa = PBXBuildFile; fileRef = EA5F52682032228100B6FEF8 /* Helper.swift */; };
		EA5F526B2032443600B6FEF8 /* FacebookSDKStrings.bundle in Resources */ = {isa = PBXBuildFile; fileRef = EA5F526A2032443600B6FEF8 /* FacebookSDKStrings.bundle */; };
		EA61AC19202F680E00E01639 /* AppDelegate.swift in Sources */ = {isa = PBXBuildFile; fileRef = EA61AC18202F680E00E01639 /* AppDelegate.swift */; };
		EA61AC1B202F680E00E01639 /* LoginViewController.swift in Sources */ = {isa = PBXBuildFile; fileRef = EA61AC1A202F680E00E01639 /* LoginViewController.swift */; };
		EA61AC1E202F680E00E01639 /* Main.storyboard in Resources */ = {isa = PBXBuildFile; fileRef = EA61AC1C202F680E00E01639 /* Main.storyboard */; };
		EA61AC20202F680E00E01639 /* Assets.xcassets in Resources */ = {isa = PBXBuildFile; fileRef = EA61AC1F202F680E00E01639 /* Assets.xcassets */; };
		EA61AC23202F680E00E01639 /* LaunchScreen.storyboard in Resources */ = {isa = PBXBuildFile; fileRef = EA61AC21202F680E00E01639 /* LaunchScreen.storyboard */; };
		EA61AC2B202F6A0800E01639 /* GoogleService-Info.plist in Resources */ = {isa = PBXBuildFile; fileRef = EA61AC2A202F6A0800E01639 /* GoogleService-Info.plist */; };
		EAF7D77920331B240049145C /* Extensions.swift in Sources */ = {isa = PBXBuildFile; fileRef = EAF7D77820331B240049145C /* Extensions.swift */; };
		EAF7D77C203C3FD40049145C /* MainViewController.swift in Sources */ = {isa = PBXBuildFile; fileRef = EAF7D77B203C3FD40049145C /* MainViewController.swift */; };
		EAF7D77E2041A9FC0049145C /* ShowInformationViewController.swift in Sources */ = {isa = PBXBuildFile; fileRef = EAF7D77D2041A9FC0049145C /* ShowInformationViewController.swift */; };
		EAF7D7812041B0330049145C /* TapeColorValues.swift in Sources */ = {isa = PBXBuildFile; fileRef = EAF7D7802041B0330049145C /* TapeColorValues.swift */; };
		FB28FA8F20504F3F0052B29D /* GridTableViewCell.swift in Sources */ = {isa = PBXBuildFile; fileRef = FB28FA8E20504F3F0052B29D /* GridTableViewCell.swift */; };
		FB28FA922051DD3C0052B29D /* TermsViewController.swift in Sources */ = {isa = PBXBuildFile; fileRef = FB28FA912051DD3C0052B29D /* TermsViewController.swift */; };
/* End PBXBuildFile section */

/* Begin PBXFileReference section */
		1A5B5F9B6397463F51AE7D86 /* Pods_ePed.framework */ = {isa = PBXFileReference; explicitFileType = wrapper.framework; includeInIndex = 0; path = Pods_ePed.framework; sourceTree = BUILT_PRODUCTS_DIR; };
		EA5F526520321B1F00B6FEF8 /* en */ = {isa = PBXFileReference; lastKnownFileType = text.plist.strings; name = en; path = en.lproj/Localizable.strings; sourceTree = "<group>"; };
		EA5F526720321C3F00B6FEF8 /* pt-BR */ = {isa = PBXFileReference; lastKnownFileType = text.plist.strings; name = "pt-BR"; path = "pt-BR.lproj/Localizable.strings"; sourceTree = "<group>"; };
		EA5F52682032228100B6FEF8 /* Helper.swift */ = {isa = PBXFileReference; lastKnownFileType = sourcecode.swift; path = Helper.swift; sourceTree = "<group>"; };
		EA5F526A2032443600B6FEF8 /* FacebookSDKStrings.bundle */ = {isa = PBXFileReference; lastKnownFileType = "wrapper.plug-in"; path = FacebookSDKStrings.bundle; sourceTree = "<group>"; };
		EA61AC15202F680E00E01639 /* ePed.app */ = {isa = PBXFileReference; explicitFileType = wrapper.application; includeInIndex = 0; path = ePed.app; sourceTree = BUILT_PRODUCTS_DIR; };
		EA61AC18202F680E00E01639 /* AppDelegate.swift */ = {isa = PBXFileReference; lastKnownFileType = sourcecode.swift; path = AppDelegate.swift; sourceTree = "<group>"; };
		EA61AC1A202F680E00E01639 /* LoginViewController.swift */ = {isa = PBXFileReference; lastKnownFileType = sourcecode.swift; path = LoginViewController.swift; sourceTree = "<group>"; };
		EA61AC1D202F680E00E01639 /* Base */ = {isa = PBXFileReference; lastKnownFileType = file.storyboard; name = Base; path = Base.lproj/Main.storyboard; sourceTree = "<group>"; };
		EA61AC1F202F680E00E01639 /* Assets.xcassets */ = {isa = PBXFileReference; lastKnownFileType = folder.assetcatalog; path = Assets.xcassets; sourceTree = "<group>"; };
		EA61AC22202F680E00E01639 /* Base */ = {isa = PBXFileReference; lastKnownFileType = file.storyboard; name = Base; path = Base.lproj/LaunchScreen.storyboard; sourceTree = "<group>"; };
		EA61AC24202F680E00E01639 /* Info.plist */ = {isa = PBXFileReference; lastKnownFileType = text.plist.xml; path = Info.plist; sourceTree = "<group>"; };
		EA61AC2A202F6A0800E01639 /* GoogleService-Info.plist */ = {isa = PBXFileReference; fileEncoding = 4; lastKnownFileType = text.plist.xml; path = "GoogleService-Info.plist"; sourceTree = "<group>"; };
		EA795A4D2032146700B5C562 /* pt-BR */ = {isa = PBXFileReference; lastKnownFileType = text.plist.strings; name = "pt-BR"; path = "pt-BR.lproj/Main.strings"; sourceTree = "<group>"; };
		EAF7D77820331B240049145C /* Extensions.swift */ = {isa = PBXFileReference; lastKnownFileType = sourcecode.swift; path = Extensions.swift; sourceTree = "<group>"; };
		EAF7D77B203C3FD40049145C /* MainViewController.swift */ = {isa = PBXFileReference; lastKnownFileType = sourcecode.swift; path = MainViewController.swift; sourceTree = "<group>"; };
		EAF7D77D2041A9FC0049145C /* ShowInformationViewController.swift */ = {isa = PBXFileReference; lastKnownFileType = sourcecode.swift; path = ShowInformationViewController.swift; sourceTree = "<group>"; };
		EAF7D7802041B0330049145C /* TapeColorValues.swift */ = {isa = PBXFileReference; lastKnownFileType = sourcecode.swift; path = TapeColorValues.swift; sourceTree = "<group>"; };
		EE0CB46481BCD56FA2749CF1 /* Pods-ePed.debug.xcconfig */ = {isa = PBXFileReference; includeInIndex = 1; lastKnownFileType = text.xcconfig; name = "Pods-ePed.debug.xcconfig"; path = "Pods/Target Support Files/Pods-ePed/Pods-ePed.debug.xcconfig"; sourceTree = "<group>"; };
		F3A17FCB6ADF5A5EFF3A5427 /* Pods-ePed.release.xcconfig */ = {isa = PBXFileReference; includeInIndex = 1; lastKnownFileType = text.xcconfig; name = "Pods-ePed.release.xcconfig"; path = "Pods/Target Support Files/Pods-ePed/Pods-ePed.release.xcconfig"; sourceTree = "<group>"; };
		FB28FA8E20504F3F0052B29D /* GridTableViewCell.swift */ = {isa = PBXFileReference; lastKnownFileType = sourcecode.swift; path = GridTableViewCell.swift; sourceTree = "<group>"; };
		FB28FA912051DD3C0052B29D /* TermsViewController.swift */ = {isa = PBXFileReference; lastKnownFileType = sourcecode.swift; path = TermsViewController.swift; sourceTree = "<group>"; };
/* End PBXFileReference section */

/* Begin PBXFrameworksBuildPhase section */
		EA61AC12202F680E00E01639 /* Frameworks */ = {
			isa = PBXFrameworksBuildPhase;
			buildActionMask = 2147483647;
			files = (
				CA8CAFA988455799D03B8B0A /* Pods_ePed.framework in Frameworks */,
			);
			runOnlyForDeploymentPostprocessing = 0;
		};
/* End PBXFrameworksBuildPhase section */

/* Begin PBXGroup section */
		A5B58AEF4737318F1B68F9C3 /* Frameworks */ = {
			isa = PBXGroup;
			children = (
				1A5B5F9B6397463F51AE7D86 /* Pods_ePed.framework */,
			);
			name = Frameworks;
			sourceTree = "<group>";
		};
		EA61AC0C202F680E00E01639 = {
			isa = PBXGroup;
			children = (
				EA61AC17202F680E00E01639 /* ePed */,
				EA61AC16202F680E00E01639 /* Products */,
				F0A1232DB535F989DC2B66AF /* Pods */,
				A5B58AEF4737318F1B68F9C3 /* Frameworks */,
			);
			sourceTree = "<group>";
		};
		EA61AC16202F680E00E01639 /* Products */ = {
			isa = PBXGroup;
			children = (
				EA61AC15202F680E00E01639 /* ePed.app */,
			);
			name = Products;
			sourceTree = "<group>";
		};
		EA61AC17202F680E00E01639 /* ePed */ = {
			isa = PBXGroup;
			children = (
				EAF7D77F2041AF7B0049145C /* Model */,
				EA795A4C2031D3E900B5C562 /* Views */,
				EA795A4B2031D3DA00B5C562 /* Controllers */,
				EA795A4A2031D3C300B5C562 /* Supporting Files */,
				EA61AC2A202F6A0800E01639 /* GoogleService-Info.plist */,
				EA61AC24202F680E00E01639 /* Info.plist */,
				EA61AC18202F680E00E01639 /* AppDelegate.swift */,
				EA5F526A2032443600B6FEF8 /* FacebookSDKStrings.bundle */,
			);
			path = ePed;
			sourceTree = "<group>";
		};
		EA795A492031D3B500B5C562 /* Login */ = {
			isa = PBXGroup;
			children = (
				EA61AC1A202F680E00E01639 /* LoginViewController.swift */,
			);
			path = Login;
			sourceTree = "<group>";
		};
		EA795A4A2031D3C300B5C562 /* Supporting Files */ = {
			isa = PBXGroup;
			children = (
				EA61AC1F202F680E00E01639 /* Assets.xcassets */,
				EA61AC21202F680E00E01639 /* LaunchScreen.storyboard */,
				EA5F526620321B1F00B6FEF8 /* Localizable.strings */,
				EA5F52682032228100B6FEF8 /* Helper.swift */,
				EAF7D77820331B240049145C /* Extensions.swift */,
			);
			path = "Supporting Files";
			sourceTree = "<group>";
		};
		EA795A4B2031D3DA00B5C562 /* Controllers */ = {
			isa = PBXGroup;
			children = (
				EAF7D77A203C3F8D0049145C /* Main */,
				EA795A492031D3B500B5C562 /* Login */,
			);
			path = Controllers;
			sourceTree = "<group>";
		};
		EA795A4C2031D3E900B5C562 /* Views */ = {
			isa = PBXGroup;
			children = (
				EA61AC1C202F680E00E01639 /* Main.storyboard */,
				FB28FA9020504F450052B29D /* Cells */,
			);
			name = Views;
			sourceTree = "<group>";
		};
		EAF7D77A203C3F8D0049145C /* Main */ = {
			isa = PBXGroup;
			children = (
				EAF7D77B203C3FD40049145C /* MainViewController.swift */,
				EAF7D77D2041A9FC0049145C /* ShowInformationViewController.swift */,
				FB28FA912051DD3C0052B29D /* TermsViewController.swift */,
			);
			path = Main;
			sourceTree = "<group>";
		};
		EAF7D77F2041AF7B0049145C /* Model */ = {
			isa = PBXGroup;
			children = (
				EAF7D7802041B0330049145C /* TapeColorValues.swift */,
			);
			path = Model;
			sourceTree = "<group>";
		};
		F0A1232DB535F989DC2B66AF /* Pods */ = {
			isa = PBXGroup;
			children = (
				EE0CB46481BCD56FA2749CF1 /* Pods-ePed.debug.xcconfig */,
				F3A17FCB6ADF5A5EFF3A5427 /* Pods-ePed.release.xcconfig */,
			);
			name = Pods;
			sourceTree = "<group>";
		};
		FB28FA9020504F450052B29D /* Cells */ = {
			isa = PBXGroup;
			children = (
				FB28FA8E20504F3F0052B29D /* GridTableViewCell.swift */,
			);
			name = Cells;
			sourceTree = "<group>";
		};
/* End PBXGroup section */

/* Begin PBXNativeTarget section */
		EA61AC14202F680E00E01639 /* ePed */ = {
			isa = PBXNativeTarget;
			buildConfigurationList = EA61AC27202F680E00E01639 /* Build configuration list for PBXNativeTarget "ePed" */;
			buildPhases = (
				FBFBDF23EAE05D5164BD2ADC /* [CP] Check Pods Manifest.lock */,
				EA61AC11202F680E00E01639 /* Sources */,
				EA61AC12202F680E00E01639 /* Frameworks */,
				EA61AC13202F680E00E01639 /* Resources */,
				6E9F76AE718DFD77D515E331 /* [CP] Embed Pods Frameworks */,
				30AE217236813714852D735A /* [CP] Copy Pods Resources */,
			);
			buildRules = (
			);
			dependencies = (
			);
			name = ePed;
			productName = ePed;
			productReference = EA61AC15202F680E00E01639 /* ePed.app */;
			productType = "com.apple.product-type.application";
		};
/* End PBXNativeTarget section */

/* Begin PBXProject section */
		EA61AC0D202F680E00E01639 /* Project object */ = {
			isa = PBXProject;
			attributes = {
				LastSwiftUpdateCheck = 0920;
				LastUpgradeCheck = 0920;
				ORGANIZATIONNAME = "Vinícius Gontijo";
				TargetAttributes = {
					EA61AC14202F680E00E01639 = {
						CreatedOnToolsVersion = 9.2;
						ProvisioningStyle = Automatic;
					};
				};
			};
			buildConfigurationList = EA61AC10202F680E00E01639 /* Build configuration list for PBXProject "ePed" */;
			compatibilityVersion = "Xcode 8.0";
			developmentRegion = en;
			hasScannedForEncodings = 0;
			knownRegions = (
				en,
				Base,
				"pt-BR",
			);
			mainGroup = EA61AC0C202F680E00E01639;
			productRefGroup = EA61AC16202F680E00E01639 /* Products */;
			projectDirPath = "";
			projectRoot = "";
			targets = (
				EA61AC14202F680E00E01639 /* ePed */,
			);
		};
/* End PBXProject section */

/* Begin PBXResourcesBuildPhase section */
		EA61AC13202F680E00E01639 /* Resources */ = {
			isa = PBXResourcesBuildPhase;
			buildActionMask = 2147483647;
			files = (
				EA5F526420321B1F00B6FEF8 /* Localizable.strings in Resources */,
				EA61AC23202F680E00E01639 /* LaunchScreen.storyboard in Resources */,
				EA61AC2B202F6A0800E01639 /* GoogleService-Info.plist in Resources */,
				EA5F526B2032443600B6FEF8 /* FacebookSDKStrings.bundle in Resources */,
				EA61AC20202F680E00E01639 /* Assets.xcassets in Resources */,
				EA61AC1E202F680E00E01639 /* Main.storyboard in Resources */,
			);
			runOnlyForDeploymentPostprocessing = 0;
		};
/* End PBXResourcesBuildPhase section */

/* Begin PBXShellScriptBuildPhase section */
		30AE217236813714852D735A /* [CP] Copy Pods Resources */ = {
			isa = PBXShellScriptBuildPhase;
			buildActionMask = 2147483647;
			files = (
			);
			inputPaths = (
				"${SRCROOT}/Pods/Target Support Files/Pods-ePed/Pods-ePed-resources.sh",
				"${PODS_ROOT}/GoogleSignIn/Resources/GoogleSignIn.bundle",
			);
			name = "[CP] Copy Pods Resources";
			outputPaths = (
				"${TARGET_BUILD_DIR}/${UNLOCALIZED_RESOURCES_FOLDER_PATH}/GoogleSignIn.bundle",
			);
			runOnlyForDeploymentPostprocessing = 0;
			shellPath = /bin/sh;
			shellScript = "\"${SRCROOT}/Pods/Target Support Files/Pods-ePed/Pods-ePed-resources.sh\"\n";
			showEnvVarsInLog = 0;
		};
		6E9F76AE718DFD77D515E331 /* [CP] Embed Pods Frameworks */ = {
			isa = PBXShellScriptBuildPhase;
			buildActionMask = 2147483647;
			files = (
			);
			inputPaths = (
				"${SRCROOT}/Pods/Target Support Files/Pods-ePed/Pods-ePed-frameworks.sh",
				"${BUILT_PRODUCTS_DIR}/Bolts/Bolts.framework",
				"${BUILT_PRODUCTS_DIR}/FBSDKCoreKit/FBSDKCoreKit.framework",
				"${BUILT_PRODUCTS_DIR}/FBSDKLoginKit/FBSDKLoginKit.framework",
				"${BUILT_PRODUCTS_DIR}/FBSDKShareKit/FBSDKShareKit.framework",
				"${BUILT_PRODUCTS_DIR}/GTMOAuth2/GTMOAuth2.framework",
				"${BUILT_PRODUCTS_DIR}/GTMSessionFetcher/GTMSessionFetcher.framework",
				"${BUILT_PRODUCTS_DIR}/GoogleToolboxForMac/GoogleToolboxForMac.framework",
				"${BUILT_PRODUCTS_DIR}/nanopb/nanopb.framework",
			);
			name = "[CP] Embed Pods Frameworks";
			outputPaths = (
				"${TARGET_BUILD_DIR}/${FRAMEWORKS_FOLDER_PATH}/Bolts.framework",
				"${TARGET_BUILD_DIR}/${FRAMEWORKS_FOLDER_PATH}/FBSDKCoreKit.framework",
				"${TARGET_BUILD_DIR}/${FRAMEWORKS_FOLDER_PATH}/FBSDKLoginKit.framework",
				"${TARGET_BUILD_DIR}/${FRAMEWORKS_FOLDER_PATH}/FBSDKShareKit.framework",
				"${TARGET_BUILD_DIR}/${FRAMEWORKS_FOLDER_PATH}/GTMOAuth2.framework",
				"${TARGET_BUILD_DIR}/${FRAMEWORKS_FOLDER_PATH}/GTMSessionFetcher.framework",
				"${TARGET_BUILD_DIR}/${FRAMEWORKS_FOLDER_PATH}/GoogleToolboxForMac.framework",
				"${TARGET_BUILD_DIR}/${FRAMEWORKS_FOLDER_PATH}/nanopb.framework",
			);
			runOnlyForDeploymentPostprocessing = 0;
			shellPath = /bin/sh;
			shellScript = "\"${SRCROOT}/Pods/Target Support Files/Pods-ePed/Pods-ePed-frameworks.sh\"\n";
			showEnvVarsInLog = 0;
		};
		FBFBDF23EAE05D5164BD2ADC /* [CP] Check Pods Manifest.lock */ = {
			isa = PBXShellScriptBuildPhase;
			buildActionMask = 2147483647;
			files = (
			);
			inputPaths = (
				"${PODS_PODFILE_DIR_PATH}/Podfile.lock",
				"${PODS_ROOT}/Manifest.lock",
			);
			name = "[CP] Check Pods Manifest.lock";
			outputPaths = (
				"$(DERIVED_FILE_DIR)/Pods-ePed-checkManifestLockResult.txt",
			);
			runOnlyForDeploymentPostprocessing = 0;
			shellPath = /bin/sh;
			shellScript = "diff \"${PODS_PODFILE_DIR_PATH}/Podfile.lock\" \"${PODS_ROOT}/Manifest.lock\" > /dev/null\nif [ $? != 0 ] ; then\n    # print error to STDERR\n    echo \"error: The sandbox is not in sync with the Podfile.lock. Run 'pod install' or update your CocoaPods installation.\" >&2\n    exit 1\nfi\n# This output is used by Xcode 'outputs' to avoid re-running this script phase.\necho \"SUCCESS\" > \"${SCRIPT_OUTPUT_FILE_0}\"\n";
			showEnvVarsInLog = 0;
		};
/* End PBXShellScriptBuildPhase section */

/* Begin PBXSourcesBuildPhase section */
		EA61AC11202F680E00E01639 /* Sources */ = {
			isa = PBXSourcesBuildPhase;
			buildActionMask = 2147483647;
			files = (
				EA61AC1B202F680E00E01639 /* LoginViewController.swift in Sources */,
				EA61AC19202F680E00E01639 /* AppDelegate.swift in Sources */,
				EA5F52692032228100B6FEF8 /* Helper.swift in Sources */,
				FB28FA8F20504F3F0052B29D /* GridTableViewCell.swift in Sources */,
				FB28FA922051DD3C0052B29D /* TermsViewController.swift in Sources */,
				EAF7D77920331B240049145C /* Extensions.swift in Sources */,
				EAF7D7812041B0330049145C /* TapeColorValues.swift in Sources */,
				EAF7D77E2041A9FC0049145C /* ShowInformationViewController.swift in Sources */,
				EAF7D77C203C3FD40049145C /* MainViewController.swift in Sources */,
			);
			runOnlyForDeploymentPostprocessing = 0;
		};
/* End PBXSourcesBuildPhase section */

/* Begin PBXVariantGroup section */
		EA5F526620321B1F00B6FEF8 /* Localizable.strings */ = {
			isa = PBXVariantGroup;
			children = (
				EA5F526520321B1F00B6FEF8 /* en */,
				EA5F526720321C3F00B6FEF8 /* pt-BR */,
			);
			name = Localizable.strings;
			sourceTree = "<group>";
		};
		EA61AC1C202F680E00E01639 /* Main.storyboard */ = {
			isa = PBXVariantGroup;
			children = (
				EA61AC1D202F680E00E01639 /* Base */,
				EA795A4D2032146700B5C562 /* pt-BR */,
			);
			name = Main.storyboard;
			sourceTree = "<group>";
		};
		EA61AC21202F680E00E01639 /* LaunchScreen.storyboard */ = {
			isa = PBXVariantGroup;
			children = (
				EA61AC22202F680E00E01639 /* Base */,
			);
			name = LaunchScreen.storyboard;
			sourceTree = "<group>";
		};
/* End PBXVariantGroup section */

/* Begin XCBuildConfiguration section */
		EA61AC25202F680E00E01639 /* Debug */ = {
			isa = XCBuildConfiguration;
			buildSettings = {
				ALWAYS_SEARCH_USER_PATHS = NO;
				CLANG_ANALYZER_LOCALIZABILITY_NONLOCALIZED = YES;
				CLANG_ANALYZER_NONNULL = YES;
				CLANG_ANALYZER_NUMBER_OBJECT_CONVERSION = YES_AGGRESSIVE;
				CLANG_CXX_LANGUAGE_STANDARD = "gnu++14";
				CLANG_CXX_LIBRARY = "libc++";
				CLANG_ENABLE_MODULES = YES;
				CLANG_ENABLE_OBJC_ARC = YES;
				CLANG_WARN_BLOCK_CAPTURE_AUTORELEASING = YES;
				CLANG_WARN_BOOL_CONVERSION = YES;
				CLANG_WARN_COMMA = YES;
				CLANG_WARN_CONSTANT_CONVERSION = YES;
				CLANG_WARN_DIRECT_OBJC_ISA_USAGE = YES_ERROR;
				CLANG_WARN_DOCUMENTATION_COMMENTS = YES;
				CLANG_WARN_EMPTY_BODY = YES;
				CLANG_WARN_ENUM_CONVERSION = YES;
				CLANG_WARN_INFINITE_RECURSION = YES;
				CLANG_WARN_INT_CONVERSION = YES;
				CLANG_WARN_NON_LITERAL_NULL_CONVERSION = YES;
				CLANG_WARN_OBJC_LITERAL_CONVERSION = YES;
				CLANG_WARN_OBJC_ROOT_CLASS = YES_ERROR;
				CLANG_WARN_RANGE_LOOP_ANALYSIS = YES;
				CLANG_WARN_STRICT_PROTOTYPES = YES;
				CLANG_WARN_SUSPICIOUS_MOVE = YES;
				CLANG_WARN_UNGUARDED_AVAILABILITY = YES_AGGRESSIVE;
				CLANG_WARN_UNREACHABLE_CODE = YES;
				CLANG_WARN__DUPLICATE_METHOD_MATCH = YES;
				CODE_SIGN_IDENTITY = "iPhone Developer";
				COPY_PHASE_STRIP = NO;
				DEBUG_INFORMATION_FORMAT = dwarf;
				ENABLE_STRICT_OBJC_MSGSEND = YES;
				ENABLE_TESTABILITY = YES;
				GCC_C_LANGUAGE_STANDARD = gnu11;
				GCC_DYNAMIC_NO_PIC = NO;
				GCC_NO_COMMON_BLOCKS = YES;
				GCC_OPTIMIZATION_LEVEL = 0;
				GCC_PREPROCESSOR_DEFINITIONS = (
					"DEBUG=1",
					"$(inherited)",
				);
				GCC_WARN_64_TO_32_BIT_CONVERSION = YES;
				GCC_WARN_ABOUT_RETURN_TYPE = YES_ERROR;
				GCC_WARN_UNDECLARED_SELECTOR = YES;
				GCC_WARN_UNINITIALIZED_AUTOS = YES_AGGRESSIVE;
				GCC_WARN_UNUSED_FUNCTION = YES;
				GCC_WARN_UNUSED_VARIABLE = YES;
				IPHONEOS_DEPLOYMENT_TARGET = 11.2;
				MTL_ENABLE_DEBUG_INFO = YES;
				ONLY_ACTIVE_ARCH = YES;
				SDKROOT = iphoneos;
				SWIFT_ACTIVE_COMPILATION_CONDITIONS = DEBUG;
				SWIFT_OPTIMIZATION_LEVEL = "-Onone";
			};
			name = Debug;
		};
		EA61AC26202F680E00E01639 /* Release */ = {
			isa = XCBuildConfiguration;
			buildSettings = {
				ALWAYS_SEARCH_USER_PATHS = NO;
				CLANG_ANALYZER_LOCALIZABILITY_NONLOCALIZED = YES;
				CLANG_ANALYZER_NONNULL = YES;
				CLANG_ANALYZER_NUMBER_OBJECT_CONVERSION = YES_AGGRESSIVE;
				CLANG_CXX_LANGUAGE_STANDARD = "gnu++14";
				CLANG_CXX_LIBRARY = "libc++";
				CLANG_ENABLE_MODULES = YES;
				CLANG_ENABLE_OBJC_ARC = YES;
				CLANG_WARN_BLOCK_CAPTURE_AUTORELEASING = YES;
				CLANG_WARN_BOOL_CONVERSION = YES;
				CLANG_WARN_COMMA = YES;
				CLANG_WARN_CONSTANT_CONVERSION = YES;
				CLANG_WARN_DIRECT_OBJC_ISA_USAGE = YES_ERROR;
				CLANG_WARN_DOCUMENTATION_COMMENTS = YES;
				CLANG_WARN_EMPTY_BODY = YES;
				CLANG_WARN_ENUM_CONVERSION = YES;
				CLANG_WARN_INFINITE_RECURSION = YES;
				CLANG_WARN_INT_CONVERSION = YES;
				CLANG_WARN_NON_LITERAL_NULL_CONVERSION = YES;
				CLANG_WARN_OBJC_LITERAL_CONVERSION = YES;
				CLANG_WARN_OBJC_ROOT_CLASS = YES_ERROR;
				CLANG_WARN_RANGE_LOOP_ANALYSIS = YES;
				CLANG_WARN_STRICT_PROTOTYPES = YES;
				CLANG_WARN_SUSPICIOUS_MOVE = YES;
				CLANG_WARN_UNGUARDED_AVAILABILITY = YES_AGGRESSIVE;
				CLANG_WARN_UNREACHABLE_CODE = YES;
				CLANG_WARN__DUPLICATE_METHOD_MATCH = YES;
				CODE_SIGN_IDENTITY = "iPhone Developer";
				COPY_PHASE_STRIP = NO;
				DEBUG_INFORMATION_FORMAT = "dwarf-with-dsym";
				ENABLE_NS_ASSERTIONS = NO;
				ENABLE_STRICT_OBJC_MSGSEND = YES;
				GCC_C_LANGUAGE_STANDARD = gnu11;
				GCC_NO_COMMON_BLOCKS = YES;
				GCC_WARN_64_TO_32_BIT_CONVERSION = YES;
				GCC_WARN_ABOUT_RETURN_TYPE = YES_ERROR;
				GCC_WARN_UNDECLARED_SELECTOR = YES;
				GCC_WARN_UNINITIALIZED_AUTOS = YES_AGGRESSIVE;
				GCC_WARN_UNUSED_FUNCTION = YES;
				GCC_WARN_UNUSED_VARIABLE = YES;
				IPHONEOS_DEPLOYMENT_TARGET = 11.2;
				MTL_ENABLE_DEBUG_INFO = NO;
				SDKROOT = iphoneos;
				SWIFT_OPTIMIZATION_LEVEL = "-Owholemodule";
				VALIDATE_PRODUCT = YES;
			};
			name = Release;
		};
		EA61AC28202F680E00E01639 /* Debug */ = {
			isa = XCBuildConfiguration;
			baseConfigurationReference = EE0CB46481BCD56FA2749CF1 /* Pods-ePed.debug.xcconfig */;
			buildSettings = {
				ASSETCATALOG_COMPILER_APPICON_NAME = AppIcon;
				CODE_SIGN_STYLE = Automatic;
				DEVELOPMENT_TEAM = DLAQ9K96RL;
				INFOPLIST_FILE = ePed/Info.plist;
				IPHONEOS_DEPLOYMENT_TARGET = 11.0;
				LD_RUNPATH_SEARCH_PATHS = "$(inherited) @executable_path/Frameworks";
				PRODUCT_BUNDLE_IDENTIFIER = com.viniciusgont.ePed;
				PRODUCT_NAME = "$(TARGET_NAME)";
				SWIFT_VERSION = 4.0;
				TARGETED_DEVICE_FAMILY = "1,2";
			};
			name = Debug;
		};
		EA61AC29202F680E00E01639 /* Release */ = {
			isa = XCBuildConfiguration;
			baseConfigurationReference = F3A17FCB6ADF5A5EFF3A5427 /* Pods-ePed.release.xcconfig */;
			buildSettings = {
				ASSETCATALOG_COMPILER_APPICON_NAME = AppIcon;
				CODE_SIGN_STYLE = Automatic;
				DEVELOPMENT_TEAM = DLAQ9K96RL;
				INFOPLIST_FILE = ePed/Info.plist;
				IPHONEOS_DEPLOYMENT_TARGET = 11.0;
				LD_RUNPATH_SEARCH_PATHS = "$(inherited) @executable_path/Frameworks";
				PRODUCT_BUNDLE_IDENTIFIER = com.viniciusgont.ePed;
				PRODUCT_NAME = "$(TARGET_NAME)";
				SWIFT_VERSION = 4.0;
				TARGETED_DEVICE_FAMILY = "1,2";
			};
			name = Release;
		};
/* End XCBuildConfiguration section */

/* Begin XCConfigurationList section */
		EA61AC10202F680E00E01639 /* Build configuration list for PBXProject "ePed" */ = {
			isa = XCConfigurationList;
			buildConfigurations = (
				EA61AC25202F680E00E01639 /* Debug */,
				EA61AC26202F680E00E01639 /* Release */,
			);
			defaultConfigurationIsVisible = 0;
			defaultConfigurationName = Release;
		};
		EA61AC27202F680E00E01639 /* Build configuration list for PBXNativeTarget "ePed" */ = {
			isa = XCConfigurationList;
			buildConfigurations = (
				EA61AC28202F680E00E01639 /* Debug */,
				EA61AC29202F680E00E01639 /* Release */,
			);
			defaultConfigurationIsVisible = 0;
			defaultConfigurationName = Release;
		};
/* End XCConfigurationList section */
	};
	rootObject = EA61AC0D202F680E00E01639 /* Project object */;
}
